// !$*UTF8*$!
{
	archiveVersion = 1;
	classes = {
	};
	objectVersion = 50;
	objects = {

/* Begin PBXBuildFile section */
		B55DDE7A26590D0100006D63 /* AppDelegate.swift in Sources */ = {isa = PBXBuildFile; fileRef = B55DDE7926590D0100006D63 /* AppDelegate.swift */; };
		B55DDE7E26590D0100006D63 /* RealtyViewController.swift in Sources */ = {isa = PBXBuildFile; fileRef = B55DDE7D26590D0100006D63 /* RealtyViewController.swift */; };
		B55DDE8326590D0500006D63 /* Assets.xcassets in Resources */ = {isa = PBXBuildFile; fileRef = B55DDE8226590D0500006D63 /* Assets.xcassets */; };
		B55DDE8626590D0500006D63 /* LaunchScreen.storyboard in Resources */ = {isa = PBXBuildFile; fileRef = B55DDE8426590D0500006D63 /* LaunchScreen.storyboard */; };
		B55DDE9126590D0500006D63 /* ComfortAppTests.swift in Sources */ = {isa = PBXBuildFile; fileRef = B55DDE9026590D0500006D63 /* ComfortAppTests.swift */; };
		B55DDE9C26590D0500006D63 /* ComfortAppUITests.swift in Sources */ = {isa = PBXBuildFile; fileRef = B55DDE9B26590D0500006D63 /* ComfortAppUITests.swift */; };
		B55DDEAD26590F7600006D63 /* RealtyTableViewCell.swift in Sources */ = {isa = PBXBuildFile; fileRef = B55DDEAC26590F7600006D63 /* RealtyTableViewCell.swift */; };
		B55DDEB22659118700006D63 /* RealtyModel.swift in Sources */ = {isa = PBXBuildFile; fileRef = B55DDEB12659118700006D63 /* RealtyModel.swift */; };
		B55DDEDF265933FD00006D63 /* ClientCell.swift in Sources */ = {isa = PBXBuildFile; fileRef = B55DDEDE265933FD00006D63 /* ClientCell.swift */; };
		B55DDEE72659341B00006D63 /* ClientsViewController.swift in Sources */ = {isa = PBXBuildFile; fileRef = B55DDEE62659341B00006D63 /* ClientsViewController.swift */; };
		B55DDEEC2659342900006D63 /* ClientsModel.swift in Sources */ = {isa = PBXBuildFile; fileRef = B55DDEEB2659342900006D63 /* ClientsModel.swift */; };
		B55DDEF92659408F00006D63 /* DescriptionViewController.swift in Sources */ = {isa = PBXBuildFile; fileRef = B55DDEF82659408F00006D63 /* DescriptionViewController.swift */; };
		B55DDEFF265945FB00006D63 /* AuthViewController.swift in Sources */ = {isa = PBXBuildFile; fileRef = B55DDEFE265945FB00006D63 /* AuthViewController.swift */; };
		B55DDF1B26595C0D00006D63 /* Firebase.swift in Sources */ = {isa = PBXBuildFile; fileRef = B55DDF1A26595C0C00006D63 /* Firebase.swift */; };
		B55DDF2326595FE000006D63 /* Parser.swift in Sources */ = {isa = PBXBuildFile; fileRef = B55DDF2226595FE000006D63 /* Parser.swift */; };
		B5ECFC922670C19100A4E373 /* Extension.swift in Sources */ = {isa = PBXBuildFile; fileRef = B5ECFC912670C19000A4E373 /* Extension.swift */; };
		B5ECFCA62670D64B00A4E373 /* FeedsViewController.swift in Sources */ = {isa = PBXBuildFile; fileRef = B5ECFCA02670D64B00A4E373 /* FeedsViewController.swift */; };
		B5ECFCA72670D64B00A4E373 /* Tour.swift in Sources */ = {isa = PBXBuildFile; fileRef = B5ECFCA22670D64B00A4E373 /* Tour.swift */; };
		B5ECFCA82670D64B00A4E373 /* FeedsView.swift in Sources */ = {isa = PBXBuildFile; fileRef = B5ECFCA42670D64B00A4E373 /* FeedsView.swift */; };
		B5ECFCA92670D64B00A4E373 /* FeedCell.swift in Sources */ = {isa = PBXBuildFile; fileRef = B5ECFCA52670D64B00A4E373 /* FeedCell.swift */; };
/* End PBXBuildFile section */

/* Begin PBXContainerItemProxy section */
		B55DDE8D26590D0500006D63 /* PBXContainerItemProxy */ = {
			isa = PBXContainerItemProxy;
			containerPortal = B55DDE6E26590D0100006D63 /* Project object */;
			proxyType = 1;
			remoteGlobalIDString = B55DDE7526590D0100006D63;
			remoteInfo = ComfortApp;
		};
		B55DDE9826590D0500006D63 /* PBXContainerItemProxy */ = {
			isa = PBXContainerItemProxy;
			containerPortal = B55DDE6E26590D0100006D63 /* Project object */;
			proxyType = 1;
			remoteGlobalIDString = B55DDE7526590D0100006D63;
			remoteInfo = ComfortApp;
		};
/* End PBXContainerItemProxy section */

/* Begin PBXFileReference section */
		B55DDE7626590D0100006D63 /* ComfortApp.app */ = {isa = PBXFileReference; explicitFileType = wrapper.application; includeInIndex = 0; path = ComfortApp.app; sourceTree = BUILT_PRODUCTS_DIR; };
		B55DDE7926590D0100006D63 /* AppDelegate.swift */ = {isa = PBXFileReference; lastKnownFileType = sourcecode.swift; path = AppDelegate.swift; sourceTree = "<group>"; };
		B55DDE7D26590D0100006D63 /* RealtyViewController.swift */ = {isa = PBXFileReference; lastKnownFileType = sourcecode.swift; path = RealtyViewController.swift; sourceTree = "<group>"; };
		B55DDE8226590D0500006D63 /* Assets.xcassets */ = {isa = PBXFileReference; lastKnownFileType = folder.assetcatalog; path = Assets.xcassets; sourceTree = "<group>"; };
		B55DDE8526590D0500006D63 /* Base */ = {isa = PBXFileReference; lastKnownFileType = file.storyboard; name = Base; path = Base.lproj/LaunchScreen.storyboard; sourceTree = "<group>"; };
		B55DDE8726590D0500006D63 /* Info.plist */ = {isa = PBXFileReference; lastKnownFileType = text.plist.xml; path = Info.plist; sourceTree = "<group>"; };
		B55DDE8C26590D0500006D63 /* ComfortAppTests.xctest */ = {isa = PBXFileReference; explicitFileType = wrapper.cfbundle; includeInIndex = 0; path = ComfortAppTests.xctest; sourceTree = BUILT_PRODUCTS_DIR; };
		B55DDE9026590D0500006D63 /* ComfortAppTests.swift */ = {isa = PBXFileReference; lastKnownFileType = sourcecode.swift; path = ComfortAppTests.swift; sourceTree = "<group>"; };
		B55DDE9226590D0500006D63 /* Info.plist */ = {isa = PBXFileReference; lastKnownFileType = text.plist.xml; path = Info.plist; sourceTree = "<group>"; };
		B55DDE9726590D0500006D63 /* ComfortAppUITests.xctest */ = {isa = PBXFileReference; explicitFileType = wrapper.cfbundle; includeInIndex = 0; path = ComfortAppUITests.xctest; sourceTree = BUILT_PRODUCTS_DIR; };
		B55DDE9B26590D0500006D63 /* ComfortAppUITests.swift */ = {isa = PBXFileReference; lastKnownFileType = sourcecode.swift; path = ComfortAppUITests.swift; sourceTree = "<group>"; };
		B55DDE9D26590D0500006D63 /* Info.plist */ = {isa = PBXFileReference; lastKnownFileType = text.plist.xml; path = Info.plist; sourceTree = "<group>"; };
		B55DDEAC26590F7600006D63 /* RealtyTableViewCell.swift */ = {isa = PBXFileReference; lastKnownFileType = sourcecode.swift; path = RealtyTableViewCell.swift; sourceTree = "<group>"; };
		B55DDEB12659118700006D63 /* RealtyModel.swift */ = {isa = PBXFileReference; lastKnownFileType = sourcecode.swift; path = RealtyModel.swift; sourceTree = "<group>"; };
		B55DDEDE265933FD00006D63 /* ClientCell.swift */ = {isa = PBXFileReference; lastKnownFileType = sourcecode.swift; path = ClientCell.swift; sourceTree = "<group>"; };
		B55DDEE62659341B00006D63 /* ClientsViewController.swift */ = {isa = PBXFileReference; lastKnownFileType = sourcecode.swift; path = ClientsViewController.swift; sourceTree = "<group>"; };
		B55DDEEB2659342900006D63 /* ClientsModel.swift */ = {isa = PBXFileReference; lastKnownFileType = sourcecode.swift; path = ClientsModel.swift; sourceTree = "<group>"; };
		B55DDEF82659408F00006D63 /* DescriptionViewController.swift */ = {isa = PBXFileReference; lastKnownFileType = sourcecode.swift; path = DescriptionViewController.swift; sourceTree = "<group>"; };
		B55DDEFE265945FB00006D63 /* AuthViewController.swift */ = {isa = PBXFileReference; lastKnownFileType = sourcecode.swift; path = AuthViewController.swift; sourceTree = "<group>"; };
		B55DDF1A26595C0C00006D63 /* Firebase.swift */ = {isa = PBXFileReference; lastKnownFileType = sourcecode.swift; path = Firebase.swift; sourceTree = "<group>"; };
		B55DDF2226595FE000006D63 /* Parser.swift */ = {isa = PBXFileReference; lastKnownFileType = sourcecode.swift; path = Parser.swift; sourceTree = "<group>"; };
		B5ECFC912670C19000A4E373 /* Extension.swift */ = {isa = PBXFileReference; lastKnownFileType = sourcecode.swift; path = Extension.swift; sourceTree = "<group>"; };
		B5ECFCA02670D64B00A4E373 /* FeedsViewController.swift */ = {isa = PBXFileReference; fileEncoding = 4; lastKnownFileType = sourcecode.swift; path = FeedsViewController.swift; sourceTree = "<group>"; };
		B5ECFCA22670D64B00A4E373 /* Tour.swift */ = {isa = PBXFileReference; fileEncoding = 4; lastKnownFileType = sourcecode.swift; path = Tour.swift; sourceTree = "<group>"; };
		B5ECFCA42670D64B00A4E373 /* FeedsView.swift */ = {isa = PBXFileReference; fileEncoding = 4; lastKnownFileType = sourcecode.swift; path = FeedsView.swift; sourceTree = "<group>"; };
		B5ECFCA52670D64B00A4E373 /* FeedCell.swift */ = {isa = PBXFileReference; fileEncoding = 4; lastKnownFileType = sourcecode.swift; path = FeedCell.swift; sourceTree = "<group>"; };
/* End PBXFileReference section */

/* Begin PBXFrameworksBuildPhase section */
		B55DDE7326590D0100006D63 /* Frameworks */ = {
			isa = PBXFrameworksBuildPhase;
			buildActionMask = 2147483647;
			files = (
			);
			runOnlyForDeploymentPostprocessing = 0;
		};
		B55DDE8926590D0500006D63 /* Frameworks */ = {
			isa = PBXFrameworksBuildPhase;
			buildActionMask = 2147483647;
			files = (
			);
			runOnlyForDeploymentPostprocessing = 0;
		};
		B55DDE9426590D0500006D63 /* Frameworks */ = {
			isa = PBXFrameworksBuildPhase;
			buildActionMask = 2147483647;
			files = (
			);
			runOnlyForDeploymentPostprocessing = 0;
		};
/* End PBXFrameworksBuildPhase section */

/* Begin PBXGroup section */
		B55DDE6D26590D0100006D63 = {
			isa = PBXGroup;
			children = (
				B55DDE7826590D0100006D63 /* ComfortApp */,
				B55DDE8F26590D0500006D63 /* ComfortAppTests */,
				B55DDE9A26590D0500006D63 /* ComfortAppUITests */,
				B55DDE7726590D0100006D63 /* Products */,
			);
			sourceTree = "<group>";
		};
		B55DDE7726590D0100006D63 /* Products */ = {
			isa = PBXGroup;
			children = (
				B55DDE7626590D0100006D63 /* ComfortApp.app */,
				B55DDE8C26590D0500006D63 /* ComfortAppTests.xctest */,
				B55DDE9726590D0500006D63 /* ComfortAppUITests.xctest */,
			);
			name = Products;
			sourceTree = "<group>";
		};
		B55DDE7826590D0100006D63 /* ComfortApp */ = {
			isa = PBXGroup;
			children = (
				B5ECFC9E2670D64B00A4E373 /* Feeds */,
				B55DDEFD265945E900006D63 /* Auth */,
				B55DDF1926595BFC00006D63 /* Service */,
				B55DDEDD265933C300006D63 /* ClientsVC */,
				B55DDEB62659119B00006D63 /* RealtyVC */,
				B55DDF2726598EC900006D63 /* Application layer */,
				B55DDE8726590D0500006D63 /* Info.plist */,
			);
			path = ComfortApp;
			sourceTree = "<group>";
		};
		B55DDE8F26590D0500006D63 /* ComfortAppTests */ = {
			isa = PBXGroup;
			children = (
				B55DDE9026590D0500006D63 /* ComfortAppTests.swift */,
				B55DDE9226590D0500006D63 /* Info.plist */,
			);
			path = ComfortAppTests;
			sourceTree = "<group>";
		};
		B55DDE9A26590D0500006D63 /* ComfortAppUITests */ = {
			isa = PBXGroup;
			children = (
				B55DDE9B26590D0500006D63 /* ComfortAppUITests.swift */,
				B55DDE9D26590D0500006D63 /* Info.plist */,
			);
			path = ComfortAppUITests;
			sourceTree = "<group>";
		};
		B55DDEB62659119B00006D63 /* RealtyVC */ = {
			isa = PBXGroup;
			children = (
				B55DDE7D26590D0100006D63 /* RealtyViewController.swift */,
				B55DDEB12659118700006D63 /* RealtyModel.swift */,
				B55DDEAC26590F7600006D63 /* RealtyTableViewCell.swift */,
				B55DDEF82659408F00006D63 /* DescriptionViewController.swift */,
			);
			path = RealtyVC;
			sourceTree = "<group>";
		};
		B55DDEDD265933C300006D63 /* ClientsVC */ = {
			isa = PBXGroup;
			children = (
				B55DDEDE265933FD00006D63 /* ClientCell.swift */,
				B55DDEE62659341B00006D63 /* ClientsViewController.swift */,
				B55DDEEB2659342900006D63 /* ClientsModel.swift */,
			);
			path = ClientsVC;
			sourceTree = "<group>";
		};
		B55DDEFD265945E900006D63 /* Auth */ = {
			isa = PBXGroup;
			children = (
				B55DDEFE265945FB00006D63 /* AuthViewController.swift */,
			);
			path = Auth;
			sourceTree = "<group>";
		};
		B55DDF1926595BFC00006D63 /* Service */ = {
			isa = PBXGroup;
			children = (
				B55DDF1A26595C0C00006D63 /* Firebase.swift */,
				B55DDF2226595FE000006D63 /* Parser.swift */,
			);
			path = Service;
			sourceTree = "<group>";
		};
		B55DDF2726598EC900006D63 /* Application layer */ = {
			isa = PBXGroup;
			children = (
				B55DDE8226590D0500006D63 /* Assets.xcassets */,
				B55DDE7926590D0100006D63 /* AppDelegate.swift */,
				B55DDE8426590D0500006D63 /* LaunchScreen.storyboard */,
				B5ECFC912670C19000A4E373 /* Extension.swift */,
			);
			path = "Application layer";
			sourceTree = "<group>";
		};
		B5ECFC9E2670D64B00A4E373 /* Feeds */ = {
			isa = PBXGroup;
			children = (
				B5ECFC9F2670D64B00A4E373 /* Controller */,
				B5ECFCA12670D64B00A4E373 /* Model */,
				B5ECFCA32670D64B00A4E373 /* View */,
			);
			path = Feeds;
			sourceTree = "<group>";
		};
		B5ECFC9F2670D64B00A4E373 /* Controller */ = {
			isa = PBXGroup;
			children = (
				B5ECFCA02670D64B00A4E373 /* FeedsViewController.swift */,
			);
			path = Controller;
			sourceTree = "<group>";
		};
		B5ECFCA12670D64B00A4E373 /* Model */ = {
			isa = PBXGroup;
			children = (
				B5ECFCA22670D64B00A4E373 /* Tour.swift */,
			);
			path = Model;
			sourceTree = "<group>";
		};
		B5ECFCA32670D64B00A4E373 /* View */ = {
			isa = PBXGroup;
			children = (
				B5ECFCA42670D64B00A4E373 /* FeedsView.swift */,
				B5ECFCA52670D64B00A4E373 /* FeedCell.swift */,
			);
			path = View;
			sourceTree = "<group>";
		};
/* End PBXGroup section */

/* Begin PBXNativeTarget section */
		B55DDE7526590D0100006D63 /* ComfortApp */ = {
			isa = PBXNativeTarget;
			buildConfigurationList = B55DDEA026590D0500006D63 /* Build configuration list for PBXNativeTarget "ComfortApp" */;
			buildPhases = (
				B55DDE7226590D0100006D63 /* Sources */,
				B55DDE7326590D0100006D63 /* Frameworks */,
				B55DDE7426590D0100006D63 /* Resources */,
			);
			buildRules = (
			);
			dependencies = (
			);
			name = ComfortApp;
			productName = ComfortApp;
			productReference = B55DDE7626590D0100006D63 /* ComfortApp.app */;
			productType = "com.apple.product-type.application";
		};
		B55DDE8B26590D0500006D63 /* ComfortAppTests */ = {
			isa = PBXNativeTarget;
			buildConfigurationList = B55DDEA326590D0500006D63 /* Build configuration list for PBXNativeTarget "ComfortAppTests" */;
			buildPhases = (
				B55DDE8826590D0500006D63 /* Sources */,
				B55DDE8926590D0500006D63 /* Frameworks */,
				B55DDE8A26590D0500006D63 /* Resources */,
			);
			buildRules = (
			);
			dependencies = (
				B55DDE8E26590D0500006D63 /* PBXTargetDependency */,
			);
			name = ComfortAppTests;
			productName = ComfortAppTests;
			productReference = B55DDE8C26590D0500006D63 /* ComfortAppTests.xctest */;
			productType = "com.apple.product-type.bundle.unit-test";
		};
		B55DDE9626590D0500006D63 /* ComfortAppUITests */ = {
			isa = PBXNativeTarget;
			buildConfigurationList = B55DDEA626590D0500006D63 /* Build configuration list for PBXNativeTarget "ComfortAppUITests" */;
			buildPhases = (
				B55DDE9326590D0500006D63 /* Sources */,
				B55DDE9426590D0500006D63 /* Frameworks */,
				B55DDE9526590D0500006D63 /* Resources */,
			);
			buildRules = (
			);
			dependencies = (
				B55DDE9926590D0500006D63 /* PBXTargetDependency */,
			);
			name = ComfortAppUITests;
			productName = ComfortAppUITests;
			productReference = B55DDE9726590D0500006D63 /* ComfortAppUITests.xctest */;
			productType = "com.apple.product-type.bundle.ui-testing";
		};
/* End PBXNativeTarget section */

/* Begin PBXProject section */
		B55DDE6E26590D0100006D63 /* Project object */ = {
			isa = PBXProject;
			attributes = {
				LastSwiftUpdateCheck = 1240;
				LastUpgradeCheck = 1240;
				TargetAttributes = {
					B55DDE7526590D0100006D63 = {
						CreatedOnToolsVersion = 12.4;
					};
					B55DDE8B26590D0500006D63 = {
						CreatedOnToolsVersion = 12.4;
						TestTargetID = B55DDE7526590D0100006D63;
					};
					B55DDE9626590D0500006D63 = {
						CreatedOnToolsVersion = 12.4;
						TestTargetID = B55DDE7526590D0100006D63;
					};
				};
			};
			buildConfigurationList = B55DDE7126590D0100006D63 /* Build configuration list for PBXProject "ComfortApp" */;
			compatibilityVersion = "Xcode 9.3";
			developmentRegion = en;
			hasScannedForEncodings = 0;
			knownRegions = (
				en,
				Base,
			);
			mainGroup = B55DDE6D26590D0100006D63;
			productRefGroup = B55DDE7726590D0100006D63 /* Products */;
			projectDirPath = "";
			projectRoot = "";
			targets = (
				B55DDE7526590D0100006D63 /* ComfortApp */,
				B55DDE8B26590D0500006D63 /* ComfortAppTests */,
				B55DDE9626590D0500006D63 /* ComfortAppUITests */,
			);
		};
/* End PBXProject section */

/* Begin PBXResourcesBuildPhase section */
		B55DDE7426590D0100006D63 /* Resources */ = {
			isa = PBXResourcesBuildPhase;
			buildActionMask = 2147483647;
			files = (
				B55DDE8626590D0500006D63 /* LaunchScreen.storyboard in Resources */,
				B55DDE8326590D0500006D63 /* Assets.xcassets in Resources */,
			);
			runOnlyForDeploymentPostprocessing = 0;
		};
		B55DDE8A26590D0500006D63 /* Resources */ = {
			isa = PBXResourcesBuildPhase;
			buildActionMask = 2147483647;
			files = (
			);
			runOnlyForDeploymentPostprocessing = 0;
		};
		B55DDE9526590D0500006D63 /* Resources */ = {
			isa = PBXResourcesBuildPhase;
			buildActionMask = 2147483647;
			files = (
			);
			runOnlyForDeploymentPostprocessing = 0;
		};
/* End PBXResourcesBuildPhase section */

/* Begin PBXSourcesBuildPhase section */
		B55DDE7226590D0100006D63 /* Sources */ = {
			isa = PBXSourcesBuildPhase;
			buildActionMask = 2147483647;
			files = (
				B55DDF1B26595C0D00006D63 /* Firebase.swift in Sources */,
				B55DDF2326595FE000006D63 /* Parser.swift in Sources */,
				B55DDEAD26590F7600006D63 /* RealtyTableViewCell.swift in Sources */,
				B5ECFCA72670D64B00A4E373 /* Tour.swift in Sources */,
				B5ECFC922670C19100A4E373 /* Extension.swift in Sources */,
				B55DDE7E26590D0100006D63 /* RealtyViewController.swift in Sources */,
				B55DDEDF265933FD00006D63 /* ClientCell.swift in Sources */,
				B55DDEE72659341B00006D63 /* ClientsViewController.swift in Sources */,
				B55DDE7A26590D0100006D63 /* AppDelegate.swift in Sources */,
				B55DDEF92659408F00006D63 /* DescriptionViewController.swift in Sources */,
				B55DDEB22659118700006D63 /* RealtyModel.swift in Sources */,
				B55DDEFF265945FB00006D63 /* AuthViewController.swift in Sources */,
				B5ECFCA62670D64B00A4E373 /* FeedsViewController.swift in Sources */,
				B5ECFCA92670D64B00A4E373 /* FeedCell.swift in Sources */,
				B55DDEEC2659342900006D63 /* ClientsModel.swift in Sources */,
				B5ECFCA82670D64B00A4E373 /* FeedsView.swift in Sources */,
			);
			runOnlyForDeploymentPostprocessing = 0;
		};
		B55DDE8826590D0500006D63 /* Sources */ = {
			isa = PBXSourcesBuildPhase;
			buildActionMask = 2147483647;
			files = (
				B55DDE9126590D0500006D63 /* ComfortAppTests.swift in Sources */,
			);
			runOnlyForDeploymentPostprocessing = 0;
		};
		B55DDE9326590D0500006D63 /* Sources */ = {
			isa = PBXSourcesBuildPhase;
			buildActionMask = 2147483647;
			files = (
				B55DDE9C26590D0500006D63 /* ComfortAppUITests.swift in Sources */,
			);
			runOnlyForDeploymentPostprocessing = 0;
		};
/* End PBXSourcesBuildPhase section */

/* Begin PBXTargetDependency section */
		B55DDE8E26590D0500006D63 /* PBXTargetDependency */ = {
			isa = PBXTargetDependency;
			target = B55DDE7526590D0100006D63 /* ComfortApp */;
			targetProxy = B55DDE8D26590D0500006D63 /* PBXContainerItemProxy */;
		};
		B55DDE9926590D0500006D63 /* PBXTargetDependency */ = {
			isa = PBXTargetDependency;
			target = B55DDE7526590D0100006D63 /* ComfortApp */;
			targetProxy = B55DDE9826590D0500006D63 /* PBXContainerItemProxy */;
		};
/* End PBXTargetDependency section */

/* Begin PBXVariantGroup section */
		B55DDE8426590D0500006D63 /* LaunchScreen.storyboard */ = {
			isa = PBXVariantGroup;
			children = (
				B55DDE8526590D0500006D63 /* Base */,
			);
			name = LaunchScreen.storyboard;
			sourceTree = "<group>";
		};
/* End PBXVariantGroup section */

/* Begin XCBuildConfiguration section */
		B55DDE9E26590D0500006D63 /* Debug */ = {
			isa = XCBuildConfiguration;
			buildSettings = {
				ALWAYS_SEARCH_USER_PATHS = NO;
				CLANG_ANALYZER_NONNULL = YES;
				CLANG_ANALYZER_NUMBER_OBJECT_CONVERSION = YES_AGGRESSIVE;
				CLANG_CXX_LANGUAGE_STANDARD = "gnu++14";
				CLANG_CXX_LIBRARY = "libc++";
				CLANG_ENABLE_MODULES = YES;
				CLANG_ENABLE_OBJC_ARC = YES;
				CLANG_ENABLE_OBJC_WEAK = YES;
				CLANG_WARN_BLOCK_CAPTURE_AUTORELEASING = YES;
				CLANG_WARN_BOOL_CONVERSION = YES;
				CLANG_WARN_COMMA = YES;
				CLANG_WARN_CONSTANT_CONVERSION = YES;
				CLANG_WARN_DEPRECATED_OBJC_IMPLEMENTATIONS = YES;
				CLANG_WARN_DIRECT_OBJC_ISA_USAGE = YES_ERROR;
				CLANG_WARN_DOCUMENTATION_COMMENTS = YES;
				CLANG_WARN_EMPTY_BODY = YES;
				CLANG_WARN_ENUM_CONVERSION = YES;
				CLANG_WARN_INFINITE_RECURSION = YES;
				CLANG_WARN_INT_CONVERSION = YES;
				CLANG_WARN_NON_LITERAL_NULL_CONVERSION = YES;
				CLANG_WARN_OBJC_IMPLICIT_RETAIN_SELF = YES;
				CLANG_WARN_OBJC_LITERAL_CONVERSION = YES;
				CLANG_WARN_OBJC_ROOT_CLASS = YES_ERROR;
				CLANG_WARN_QUOTED_INCLUDE_IN_FRAMEWORK_HEADER = YES;
				CLANG_WARN_RANGE_LOOP_ANALYSIS = YES;
				CLANG_WARN_STRICT_PROTOTYPES = YES;
				CLANG_WARN_SUSPICIOUS_MOVE = YES;
				CLANG_WARN_UNGUARDED_AVAILABILITY = YES_AGGRESSIVE;
				CLANG_WARN_UNREACHABLE_CODE = YES;
				CLANG_WARN__DUPLICATE_METHOD_MATCH = YES;
				COPY_PHASE_STRIP = NO;
				DEBUG_INFORMATION_FORMAT = dwarf;
				ENABLE_STRICT_OBJC_MSGSEND = YES;
				ENABLE_TESTABILITY = YES;
				GCC_C_LANGUAGE_STANDARD = gnu11;
				GCC_DYNAMIC_NO_PIC = NO;
				GCC_NO_COMMON_BLOCKS = YES;
				GCC_OPTIMIZATION_LEVEL = 0;
				GCC_PREPROCESSOR_DEFINITIONS = (
					"DEBUG=1",
					"$(inherited)",
				);
				GCC_WARN_64_TO_32_BIT_CONVERSION = YES;
				GCC_WARN_ABOUT_RETURN_TYPE = YES_ERROR;
				GCC_WARN_UNDECLARED_SELECTOR = YES;
				GCC_WARN_UNINITIALIZED_AUTOS = YES_AGGRESSIVE;
				GCC_WARN_UNUSED_FUNCTION = YES;
				GCC_WARN_UNUSED_VARIABLE = YES;
				IPHONEOS_DEPLOYMENT_TARGET = 13.0;
				MTL_ENABLE_DEBUG_INFO = INCLUDE_SOURCE;
				MTL_FAST_MATH = YES;
				ONLY_ACTIVE_ARCH = YES;
				SDKROOT = iphoneos;
				SWIFT_ACTIVE_COMPILATION_CONDITIONS = DEBUG;
				SWIFT_OPTIMIZATION_LEVEL = "-Onone";
			};
			name = Debug;
		};
		B55DDE9F26590D0500006D63 /* Release */ = {
			isa = XCBuildConfiguration;
			buildSettings = {
				ALWAYS_SEARCH_USER_PATHS = NO;
				CLANG_ANALYZER_NONNULL = YES;
				CLANG_ANALYZER_NUMBER_OBJECT_CONVERSION = YES_AGGRESSIVE;
				CLANG_CXX_LANGUAGE_STANDARD = "gnu++14";
				CLANG_CXX_LIBRARY = "libc++";
				CLANG_ENABLE_MODULES = YES;
				CLANG_ENABLE_OBJC_ARC = YES;
				CLANG_ENABLE_OBJC_WEAK = YES;
				CLANG_WARN_BLOCK_CAPTURE_AUTORELEASING = YES;
				CLANG_WARN_BOOL_CONVERSION = YES;
				CLANG_WARN_COMMA = YES;
				CLANG_WARN_CONSTANT_CONVERSION = YES;
				CLANG_WARN_DEPRECATED_OBJC_IMPLEMENTATIONS = YES;
				CLANG_WARN_DIRECT_OBJC_ISA_USAGE = YES_ERROR;
				CLANG_WARN_DOCUMENTATION_COMMENTS = YES;
				CLANG_WARN_EMPTY_BODY = YES;
				CLANG_WARN_ENUM_CONVERSION = YES;
				CLANG_WARN_INFINITE_RECURSION = YES;
				CLANG_WARN_INT_CONVERSION = YES;
				CLANG_WARN_NON_LITERAL_NULL_CONVERSION = YES;
				CLANG_WARN_OBJC_IMPLICIT_RETAIN_SELF = YES;
				CLANG_WARN_OBJC_LITERAL_CONVERSION = YES;
				CLANG_WARN_OBJC_ROOT_CLASS = YES_ERROR;
				CLANG_WARN_QUOTED_INCLUDE_IN_FRAMEWORK_HEADER = YES;
				CLANG_WARN_RANGE_LOOP_ANALYSIS = YES;
				CLANG_WARN_STRICT_PROTOTYPES = YES;
				CLANG_WARN_SUSPICIOUS_MOVE = YES;
				CLANG_WARN_UNGUARDED_AVAILABILITY = YES_AGGRESSIVE;
				CLANG_WARN_UNREACHABLE_CODE = YES;
				CLANG_WARN__DUPLICATE_METHOD_MATCH = YES;
				COPY_PHASE_STRIP = NO;
				DEBUG_INFORMATION_FORMAT = "dwarf-with-dsym";
				ENABLE_NS_ASSERTIONS = NO;
				ENABLE_STRICT_OBJC_MSGSEND = YES;
				GCC_C_LANGUAGE_STANDARD = gnu11;
				GCC_NO_COMMON_BLOCKS = YES;
				GCC_WARN_64_TO_32_BIT_CONVERSION = YES;
				GCC_WARN_ABOUT_RETURN_TYPE = YES_ERROR;
				GCC_WARN_UNDECLARED_SELECTOR = YES;
				GCC_WARN_UNINITIALIZED_AUTOS = YES_AGGRESSIVE;
				GCC_WARN_UNUSED_FUNCTION = YES;
				GCC_WARN_UNUSED_VARIABLE = YES;
				IPHONEOS_DEPLOYMENT_TARGET = 13.0;
				MTL_ENABLE_DEBUG_INFO = NO;
				MTL_FAST_MATH = YES;
				SDKROOT = iphoneos;
				SWIFT_COMPILATION_MODE = wholemodule;
				SWIFT_OPTIMIZATION_LEVEL = "-O";
				VALIDATE_PRODUCT = YES;
			};
			name = Release;
		};
		B55DDEA126590D0500006D63 /* Debug */ = {
			isa = XCBuildConfiguration;
			buildSettings = {
				ASSETCATALOG_COMPILER_APPICON_NAME = AppIcon;
				ASSETCATALOG_COMPILER_GLOBAL_ACCENT_COLOR_NAME = AccentColor;
				CODE_SIGN_STYLE = Automatic;
				DEVELOPMENT_TEAM = 4DQD7HY3MS;
				INFOPLIST_FILE = ComfortApp/Info.plist;
				LD_RUNPATH_SEARCH_PATHS = (
					"$(inherited)",
					"@executable_path/Frameworks",
				);
				PRODUCT_BUNDLE_IDENTIFIER = ru.mustdev.ComfortApp;
				PRODUCT_NAME = "$(TARGET_NAME)";
				SWIFT_VERSION = 5.0;
				TARGETED_DEVICE_FAMILY = 1;
			};
			name = Debug;
		};
		B55DDEA226590D0500006D63 /* Release */ = {
			isa = XCBuildConfiguration;
			buildSettings = {
				ASSETCATALOG_COMPILER_APPICON_NAME = AppIcon;
				ASSETCATALOG_COMPILER_GLOBAL_ACCENT_COLOR_NAME = AccentColor;
				CODE_SIGN_STYLE = Automatic;
				DEVELOPMENT_TEAM = 4DQD7HY3MS;
				INFOPLIST_FILE = ComfortApp/Info.plist;
				LD_RUNPATH_SEARCH_PATHS = (
					"$(inherited)",
					"@executable_path/Frameworks",
				);
				PRODUCT_BUNDLE_IDENTIFIER = ru.mustdev.ComfortApp;
				PRODUCT_NAME = "$(TARGET_NAME)";
				SWIFT_VERSION = 5.0;
				TARGETED_DEVICE_FAMILY = 1;
			};
			name = Release;
		};
		B55DDEA426590D0500006D63 /* Debug */ = {
			isa = XCBuildConfiguration;
			buildSettings = {
				ALWAYS_EMBED_SWIFT_STANDARD_LIBRARIES = YES;
				BUNDLE_LOADER = "$(TEST_HOST)";
				CODE_SIGN_STYLE = Automatic;
				DEVELOPMENT_TEAM = 4DQD7HY3MS;
				INFOPLIST_FILE = ComfortAppTests/Info.plist;
				IPHONEOS_DEPLOYMENT_TARGET = 14.4;
				LD_RUNPATH_SEARCH_PATHS = (
					"$(inherited)",
					"@executable_path/Frameworks",
					"@loader_path/Frameworks",
				);
				PRODUCT_BUNDLE_IDENTIFIER = ru.mustdev.ComfortAppTests;
				PRODUCT_NAME = "$(TARGET_NAME)";
				SWIFT_VERSION = 5.0;
				TARGETED_DEVICE_FAMILY = "1,2";
				TEST_HOST = "$(BUILT_PRODUCTS_DIR)/ComfortApp.app/ComfortApp";
			};
			name = Debug;
		};
		B55DDEA526590D0500006D63 /* Release */ = {
			isa = XCBuildConfiguration;
			buildSettings = {
				ALWAYS_EMBED_SWIFT_STANDARD_LIBRARIES = YES;
				BUNDLE_LOADER = "$(TEST_HOST)";
				CODE_SIGN_STYLE = Automatic;
				DEVELOPMENT_TEAM = 4DQD7HY3MS;
				INFOPLIST_FILE = ComfortAppTests/Info.plist;
				IPHONEOS_DEPLOYMENT_TARGET = 14.4;
				LD_RUNPATH_SEARCH_PATHS = (
					"$(inherited)",
					"@executable_path/Frameworks",
					"@loader_path/Frameworks",
				);
				PRODUCT_BUNDLE_IDENTIFIER = ru.mustdev.ComfortAppTests;
				PRODUCT_NAME = "$(TARGET_NAME)";
				SWIFT_VERSION = 5.0;
				TARGETED_DEVICE_FAMILY = "1,2";
				TEST_HOST = "$(BUILT_PRODUCTS_DIR)/ComfortApp.app/ComfortApp";
			};
			name = Release;
		};
		B55DDEA726590D0500006D63 /* Debug */ = {
			isa = XCBuildConfiguration;
			buildSettings = {
				ALWAYS_EMBED_SWIFT_STANDARD_LIBRARIES = YES;
				CODE_SIGN_STYLE = Automatic;
				DEVELOPMENT_TEAM = 4DQD7HY3MS;
				INFOPLIST_FILE = ComfortAppUITests/Info.plist;
				LD_RUNPATH_SEARCH_PATHS = (
					"$(inherited)",
					"@executable_path/Frameworks",
					"@loader_path/Frameworks",
				);
				PRODUCT_BUNDLE_IDENTIFIER = ru.mustdev.ComfortAppUITests;
				PRODUCT_NAME = "$(TARGET_NAME)";
				SWIFT_VERSION = 5.0;
				TARGETED_DEVICE_FAMILY = "1,2";
				TEST_TARGET_NAME = ComfortApp;
			};
			name = Debug;
		};
		B55DDEA826590D0500006D63 /* Release */ = {
			isa = XCBuildConfiguration;
			buildSettings = {
				ALWAYS_EMBED_SWIFT_STANDARD_LIBRARIES = YES;
				CODE_SIGN_STYLE = Automatic;
				DEVELOPMENT_TEAM = 4DQD7HY3MS;
				INFOPLIST_FILE = ComfortAppUITests/Info.plist;
				LD_RUNPATH_SEARCH_PATHS = (
					"$(inherited)",
					"@executable_path/Frameworks",
					"@loader_path/Frameworks",
				);
				PRODUCT_BUNDLE_IDENTIFIER = ru.mustdev.ComfortAppUITests;
				PRODUCT_NAME = "$(TARGET_NAME)";
				SWIFT_VERSION = 5.0;
				TARGETED_DEVICE_FAMILY = "1,2";
				TEST_TARGET_NAME = ComfortApp;
			};
			name = Release;
		};
/* End XCBuildConfiguration section */

/* Begin XCConfigurationList section */
		B55DDE7126590D0100006D63 /* Build configuration list for PBXProject "ComfortApp" */ = {
			isa = XCConfigurationList;
			buildConfigurations = (
				B55DDE9E26590D0500006D63 /* Debug */,
				B55DDE9F26590D0500006D63 /* Release */,
			);
			defaultConfigurationIsVisible = 0;
			defaultConfigurationName = Release;
		};
		B55DDEA026590D0500006D63 /* Build configuration list for PBXNativeTarget "ComfortApp" */ = {
			isa = XCConfigurationList;
			buildConfigurations = (
				B55DDEA126590D0500006D63 /* Debug */,
				B55DDEA226590D0500006D63 /* Release */,
			);
			defaultConfigurationIsVisible = 0;
			defaultConfigurationName = Release;
		};
		B55DDEA326590D0500006D63 /* Build configuration list for PBXNativeTarget "ComfortAppTests" */ = {
			isa = XCConfigurationList;
			buildConfigurations = (
				B55DDEA426590D0500006D63 /* Debug */,
				B55DDEA526590D0500006D63 /* Release */,
			);
			defaultConfigurationIsVisible = 0;
			defaultConfigurationName = Release;
		};
		B55DDEA626590D0500006D63 /* Build configuration list for PBXNativeTarget "ComfortAppUITests" */ = {
			isa = XCConfigurationList;
			buildConfigurations = (
				B55DDEA726590D0500006D63 /* Debug */,
				B55DDEA826590D0500006D63 /* Release */,
			);
			defaultConfigurationIsVisible = 0;
			defaultConfigurationName = Release;
		};
/* End XCConfigurationList section */
	};
	rootObject = B55DDE6E26590D0100006D63 /* Project object */;
}
